// !$*UTF8*$!
{
	archiveVersion = 1;
	classes = {
	};
	objectVersion = 70;
	objects = {

/* Begin PBXBuildFile section */
		0A7174102DE9FAB600C54452 /* NavigationBarStyle.swift in Sources */ = {isa = PBXBuildFile; fileRef = 0A71740F2DE9FAB400C54452 /* NavigationBarStyle.swift */; };
		0C79EE612A76DCD600EE90EA /* NftByIdRequest.swift in Sources */ = {isa = PBXBuildFile; fileRef = 0C79EE602A76DCD600EE90EA /* NftByIdRequest.swift */; };
		0C79EE632A76DD1900EE90EA /* RequestConstants.swift in Sources */ = {isa = PBXBuildFile; fileRef = 0C79EE622A76DD1900EE90EA /* RequestConstants.swift */; };
		0C79EE6C2A76DE2E00EE90EA /* ServicesAssemly.swift in Sources */ = {isa = PBXBuildFile; fileRef = 0C79EE6B2A76DE2E00EE90EA /* ServicesAssemly.swift */; };
		0CF2C2DD2A783CE600FDC837 /* ErrorView.swift in Sources */ = {isa = PBXBuildFile; fileRef = 0CF2C2DC2A783CE600FDC837 /* ErrorView.swift */; };
		0CFCB7402A78002A0009A829 /* ExamplePutService.swift in Sources */ = {isa = PBXBuildFile; fileRef = 0CFCB73F2A78002A0009A829 /* ExamplePutService.swift */; };
		0CFCB7422A78013E0009A829 /* Nft.swift in Sources */ = {isa = PBXBuildFile; fileRef = 0CFCB7412A78013E0009A829 /* Nft.swift */; };
		0CFCB7442A7802440009A829 /* NftDetailInput.swift in Sources */ = {isa = PBXBuildFile; fileRef = 0CFCB7432A7802440009A829 /* NftDetailInput.swift */; };
		0CFCB7462A78064B0009A829 /* NftDetailCellModel.swift in Sources */ = {isa = PBXBuildFile; fileRef = 0CFCB7452A78064B0009A829 /* NftDetailCellModel.swift */; };
		0CFCB74E2A7817DC0009A829 /* NftStorage.swift in Sources */ = {isa = PBXBuildFile; fileRef = 0CFCB74D2A7817DC0009A829 /* NftStorage.swift */; };
		3F6806A029CBBAF200B4F915 /* Assets.xcassets in Resources */ = {isa = PBXBuildFile; fileRef = 3F68069F29CBBAF200B4F915 /* Assets.xcassets */; };
		3F6806A329CBBAF200B4F915 /* LaunchScreen.storyboard in Resources */ = {isa = PBXBuildFile; fileRef = 3F6806A129CBBAF200B4F915 /* LaunchScreen.storyboard */; };
		3F6806AE29CBBAF200B4F915 /* ExampleUnitTests.swift in Sources */ = {isa = PBXBuildFile; fileRef = 3F6806AD29CBBAF200B4F915 /* ExampleUnitTests.swift */; };
		3F6806B829CBBAF200B4F915 /* FakeNFTUITests.swift in Sources */ = {isa = PBXBuildFile; fileRef = 3F6806B729CBBAF200B4F915 /* FakeNFTUITests.swift */; };
		3F6806D129CBBE6B00B4F915 /* NetworkClient.swift in Sources */ = {isa = PBXBuildFile; fileRef = 3F6806D029CBBE6B00B4F915 /* NetworkClient.swift */; };
		3F6806D329CBBE9600B4F915 /* NetworkRequest.swift in Sources */ = {isa = PBXBuildFile; fileRef = 3F6806D229CBBE9600B4F915 /* NetworkRequest.swift */; };
		3F6806D529CBBEC700B4F915 /* NetworkTask.swift in Sources */ = {isa = PBXBuildFile; fileRef = 3F6806D429CBBEC700B4F915 /* NetworkTask.swift */; };
		3FC8C39129D2453B0081F015 /* ExamplePutRequest.swift in Sources */ = {isa = PBXBuildFile; fileRef = 3FC8C39029D2453B0081F015 /* ExamplePutRequest.swift */; };
		3FC8C39329D246BA0081F015 /* DateFormatters+Presets.swift in Sources */ = {isa = PBXBuildFile; fileRef = 3FC8C39229D246BA0081F015 /* DateFormatters+Presets.swift */; };
		558E39E72C68CE0A00FB86AC /* NftService.swift in Sources */ = {isa = PBXBuildFile; fileRef = 558E39E62C68CE0900FB86AC /* NftService.swift */; };
		C935A9142DE386BC00C6B7A3 /* ProgressHUD.swift in Sources */ = {isa = PBXBuildFile; fileRef = C935A9132DE386BC00C6B7A3 /* ProgressHUD.swift */; };
		C942F5302DE7AE1600966062 /* CollectonDetailView.swift in Sources */ = {isa = PBXBuildFile; fileRef = C942F52F2DE7AE1600966062 /* CollectonDetailView.swift */; };
		C942F5322DE7AE7A00966062 /* MyFavoriteNFTView.swift in Sources */ = {isa = PBXBuildFile; fileRef = C942F5312DE7AE7A00966062 /* MyFavoriteNFTView.swift */; };
		C942F5362DE7AF6800966062 /* UserCardView.swift in Sources */ = {isa = PBXBuildFile; fileRef = C942F5352DE7AF6800966062 /* UserCardView.swift */; };
		C942F5382DE7AF8800966062 /* UserCollectionView.swift in Sources */ = {isa = PBXBuildFile; fileRef = C942F5372DE7AF8800966062 /* UserCollectionView.swift */; };
		C942F53A2DE7AFD700966062 /* PaymentMethodView.swift in Sources */ = {isa = PBXBuildFile; fileRef = C942F5392DE7AFD700966062 /* PaymentMethodView.swift */; };
		C942F53C2DE7AFF700966062 /* PaymentDoneView.swift in Sources */ = {isa = PBXBuildFile; fileRef = C942F53B2DE7AFF700966062 /* PaymentDoneView.swift */; };
		C942F5792DEA4FE600966062 /* SortingManager.swift in Sources */ = {isa = PBXBuildFile; fileRef = C942F5772DEA4FE600966062 /* SortingManager.swift */; };
		C942F57A2DEA4FE600966062 /* CartManager.swift in Sources */ = {isa = PBXBuildFile; fileRef = C942F5762DEA4FE600966062 /* CartManager.swift */; };
		C99679BA2DE66C470096BF5A /* TrofimovaDecompositionProfile.md in Resources */ = {isa = PBXBuildFile; fileRef = C99679B62DE66C470096BF5A /* TrofimovaDecompositionProfile.md */; };
		C99679BB2DE66C470096BF5A /* ZakharovMaksCatalog.md in Resources */ = {isa = PBXBuildFile; fileRef = C99679B82DE66C470096BF5A /* ZakharovMaksCatalog.md */; };
		C99679BC2DE66C470096BF5A /* KhutorenkoAnnaStatisticsTasks.md in Resources */ = {isa = PBXBuildFile; fileRef = C99679B52DE66C470096BF5A /* KhutorenkoAnnaStatisticsTasks.md */; };
		C99679BD2DE66C470096BF5A /* YaroslavRubanCartTask.md in Resources */ = {isa = PBXBuildFile; fileRef = C99679B72DE66C470096BF5A /* YaroslavRubanCartTask.md */; };
		D04790BD2DE393EC000585F0 /* AppTabView.swift in Sources */ = {isa = PBXBuildFile; fileRef = D04790BC2DE393EC000585F0 /* AppTabView.swift */; };
		D04790BF2DE393FE000585F0 /* FakeNFTApp.swift in Sources */ = {isa = PBXBuildFile; fileRef = D04790BE2DE393FE000585F0 /* FakeNFTApp.swift */; };
		D04790C12DE3A59E000585F0 /* CatalogView.swift in Sources */ = {isa = PBXBuildFile; fileRef = D04790C02DE3A59E000585F0 /* CatalogView.swift */; };
		D04790C32DE3A5BE000585F0 /* ProfileView.swift in Sources */ = {isa = PBXBuildFile; fileRef = D04790C22DE3A5BE000585F0 /* ProfileView.swift */; };
		D04790C62DE3A628000585F0 /* CartView.swift in Sources */ = {isa = PBXBuildFile; fileRef = D04790C52DE3A628000585F0 /* CartView.swift */; };
		D04790C92DE3A64A000585F0 /* StatisticsView.swift in Sources */ = {isa = PBXBuildFile; fileRef = D04790C82DE3A64A000585F0 /* StatisticsView.swift */; };
		D0593DD62DE3B30E00619DB0 /* ColorsExtension.swift in Sources */ = {isa = PBXBuildFile; fileRef = D0593DD52DE3B30E00619DB0 /* ColorsExtension.swift */; };
		D0BA37BE2DE6633500D88DD7 /* UserLikesRequest.swift in Sources */ = {isa = PBXBuildFile; fileRef = D0BA37BD2DE6633500D88DD7 /* UserLikesRequest.swift */; };
		D0BA37C02DE6636D00D88DD7 /* UpdateUserLikesRequest.swift in Sources */ = {isa = PBXBuildFile; fileRef = D0BA37BF2DE6636D00D88DD7 /* UpdateUserLikesRequest.swift */; };
		D0BA37DA2DE8F14900D88DD7 /* Profile.swift in Sources */ = {isa = PBXBuildFile; fileRef = D0BA37D92DE8F14900D88DD7 /* Profile.swift */; };
		D0BA37DC2DE8F16300D88DD7 /* ProfileViewModel.swift in Sources */ = {isa = PBXBuildFile; fileRef = D0BA37DB2DE8F16300D88DD7 /* ProfileViewModel.swift */; };
		D0BA37DF2DE8F29300D88DD7 /* ProfileEditView.swift in Sources */ = {isa = PBXBuildFile; fileRef = D0BA37DE2DE8F29300D88DD7 /* ProfileEditView.swift */; };
		D0BA37E12DE8F2AC00D88DD7 /* EditingProfileViewModel.swift in Sources */ = {isa = PBXBuildFile; fileRef = D0BA37E02DE8F2AC00D88DD7 /* EditingProfileViewModel.swift */; };
		D0BA37E32DE8F33900D88DD7 /* ProfileListRowView.swift in Sources */ = {isa = PBXBuildFile; fileRef = D0BA37E22DE8F33900D88DD7 /* ProfileListRowView.swift */; };
		D0BA37E62DE8F4D100D88DD7 /* ProfileImageSettingsViewModifier.swift in Sources */ = {isa = PBXBuildFile; fileRef = D0BA37E52DE8F4D100D88DD7 /* ProfileImageSettingsViewModifier.swift */; };
		D0BA37E82DE8F53B00D88DD7 /* TextAreaEditViewModifier.swift in Sources */ = {isa = PBXBuildFile; fileRef = D0BA37E72DE8F53B00D88DD7 /* TextAreaEditViewModifier.swift */; };
		D0BA37F62DE909AA00D88DD7 /* MyFavoriteNFTCardView.swift in Sources */ = {isa = PBXBuildFile; fileRef = D0BA37F52DE909AA00D88DD7 /* MyFavoriteNFTCardView.swift */; };
		D0BA37F82DE909E900D88DD7 /* MyFavoriteNFTViewModel.swift in Sources */ = {isa = PBXBuildFile; fileRef = D0BA37F72DE909E900D88DD7 /* MyFavoriteNFTViewModel.swift */; };
		D0BA37FA2DE90AD300D88DD7 /* EmptyNFTPlaceholderView.swift in Sources */ = {isa = PBXBuildFile; fileRef = D0BA37F92DE90AD300D88DD7 /* EmptyNFTPlaceholderView.swift */; };
		E1CD40DC2A96BECC00BE7FE8 /* Localizable.strings in Resources */ = {isa = PBXBuildFile; fileRef = E1CD40DB2A96BECC00BE7FE8 /* Localizable.strings */; };
/* End PBXBuildFile section */

/* Begin PBXContainerItemProxy section */
		3F6806AA29CBBAF200B4F915 /* PBXContainerItemProxy */ = {
			isa = PBXContainerItemProxy;
			containerPortal = 3F68068B29CBBAF100B4F915 /* Project object */;
			proxyType = 1;
			remoteGlobalIDString = 3F68069229CBBAF100B4F915;
			remoteInfo = FakeNFT;
		};
		3F6806B429CBBAF200B4F915 /* PBXContainerItemProxy */ = {
			isa = PBXContainerItemProxy;
			containerPortal = 3F68068B29CBBAF100B4F915 /* Project object */;
			proxyType = 1;
			remoteGlobalIDString = 3F68069229CBBAF100B4F915;
			remoteInfo = FakeNFT;
		};
/* End PBXContainerItemProxy section */

/* Begin PBXFileReference section */
		0A71740F2DE9FAB400C54452 /* NavigationBarStyle.swift */ = {isa = PBXFileReference; lastKnownFileType = sourcecode.swift; path = NavigationBarStyle.swift; sourceTree = "<group>"; };
		0C79EE602A76DCD600EE90EA /* NftByIdRequest.swift */ = {isa = PBXFileReference; lastKnownFileType = sourcecode.swift; path = NftByIdRequest.swift; sourceTree = "<group>"; };
		0C79EE622A76DD1900EE90EA /* RequestConstants.swift */ = {isa = PBXFileReference; lastKnownFileType = sourcecode.swift; path = RequestConstants.swift; sourceTree = "<group>"; };
		0C79EE6B2A76DE2E00EE90EA /* ServicesAssemly.swift */ = {isa = PBXFileReference; lastKnownFileType = sourcecode.swift; path = ServicesAssemly.swift; sourceTree = "<group>"; };
		0CF2C2DC2A783CE600FDC837 /* ErrorView.swift */ = {isa = PBXFileReference; lastKnownFileType = sourcecode.swift; path = ErrorView.swift; sourceTree = "<group>"; };
		0CFCB73F2A78002A0009A829 /* ExamplePutService.swift */ = {isa = PBXFileReference; lastKnownFileType = sourcecode.swift; path = ExamplePutService.swift; sourceTree = "<group>"; };
		0CFCB7412A78013E0009A829 /* Nft.swift */ = {isa = PBXFileReference; lastKnownFileType = sourcecode.swift; path = Nft.swift; sourceTree = "<group>"; };
		0CFCB7432A7802440009A829 /* NftDetailInput.swift */ = {isa = PBXFileReference; lastKnownFileType = sourcecode.swift; path = NftDetailInput.swift; sourceTree = "<group>"; };
		0CFCB7452A78064B0009A829 /* NftDetailCellModel.swift */ = {isa = PBXFileReference; lastKnownFileType = sourcecode.swift; path = NftDetailCellModel.swift; sourceTree = "<group>"; };
		0CFCB74D2A7817DC0009A829 /* NftStorage.swift */ = {isa = PBXFileReference; lastKnownFileType = sourcecode.swift; path = NftStorage.swift; sourceTree = "<group>"; };
		3F68069329CBBAF100B4F915 /* FakeNFT.app */ = {isa = PBXFileReference; explicitFileType = wrapper.application; includeInIndex = 0; path = FakeNFT.app; sourceTree = BUILT_PRODUCTS_DIR; };
		3F68069F29CBBAF200B4F915 /* Assets.xcassets */ = {isa = PBXFileReference; lastKnownFileType = folder.assetcatalog; path = Assets.xcassets; sourceTree = "<group>"; };
		3F6806A229CBBAF200B4F915 /* Base */ = {isa = PBXFileReference; lastKnownFileType = file.storyboard; name = Base; path = Base.lproj/LaunchScreen.storyboard; sourceTree = "<group>"; };
		3F6806A429CBBAF200B4F915 /* Info.plist */ = {isa = PBXFileReference; lastKnownFileType = text.plist.xml; path = Info.plist; sourceTree = "<group>"; };
		3F6806A929CBBAF200B4F915 /* FakeNFTTests.xctest */ = {isa = PBXFileReference; explicitFileType = wrapper.cfbundle; includeInIndex = 0; path = FakeNFTTests.xctest; sourceTree = BUILT_PRODUCTS_DIR; };
		3F6806AD29CBBAF200B4F915 /* ExampleUnitTests.swift */ = {isa = PBXFileReference; lastKnownFileType = sourcecode.swift; path = ExampleUnitTests.swift; sourceTree = "<group>"; };
		3F6806B329CBBAF200B4F915 /* FakeNFTUITests.xctest */ = {isa = PBXFileReference; explicitFileType = wrapper.cfbundle; includeInIndex = 0; path = FakeNFTUITests.xctest; sourceTree = BUILT_PRODUCTS_DIR; };
		3F6806B729CBBAF200B4F915 /* FakeNFTUITests.swift */ = {isa = PBXFileReference; lastKnownFileType = sourcecode.swift; path = FakeNFTUITests.swift; sourceTree = "<group>"; };
		3F6806D029CBBE6B00B4F915 /* NetworkClient.swift */ = {isa = PBXFileReference; lastKnownFileType = sourcecode.swift; path = NetworkClient.swift; sourceTree = "<group>"; };
		3F6806D229CBBE9600B4F915 /* NetworkRequest.swift */ = {isa = PBXFileReference; lastKnownFileType = sourcecode.swift; path = NetworkRequest.swift; sourceTree = "<group>"; };
		3F6806D429CBBEC700B4F915 /* NetworkTask.swift */ = {isa = PBXFileReference; lastKnownFileType = sourcecode.swift; path = NetworkTask.swift; sourceTree = "<group>"; };
		3FC8C39029D2453B0081F015 /* ExamplePutRequest.swift */ = {isa = PBXFileReference; lastKnownFileType = sourcecode.swift; path = ExamplePutRequest.swift; sourceTree = "<group>"; };
		3FC8C39229D246BA0081F015 /* DateFormatters+Presets.swift */ = {isa = PBXFileReference; lastKnownFileType = sourcecode.swift; path = "DateFormatters+Presets.swift"; sourceTree = "<group>"; };
		558E39E62C68CE0900FB86AC /* NftService.swift */ = {isa = PBXFileReference; lastKnownFileType = sourcecode.swift; path = NftService.swift; sourceTree = "<group>"; };
		C935A9132DE386BC00C6B7A3 /* ProgressHUD.swift */ = {isa = PBXFileReference; lastKnownFileType = sourcecode.swift; path = ProgressHUD.swift; sourceTree = "<group>"; };
		C942F52F2DE7AE1600966062 /* CollectonDetailView.swift */ = {isa = PBXFileReference; lastKnownFileType = sourcecode.swift; path = CollectonDetailView.swift; sourceTree = "<group>"; };
		C942F5312DE7AE7A00966062 /* MyFavoriteNFTView.swift */ = {isa = PBXFileReference; lastKnownFileType = sourcecode.swift; path = MyFavoriteNFTView.swift; sourceTree = "<group>"; };
		C942F5352DE7AF6800966062 /* UserCardView.swift */ = {isa = PBXFileReference; lastKnownFileType = sourcecode.swift; path = UserCardView.swift; sourceTree = "<group>"; };
		C942F5372DE7AF8800966062 /* UserCollectionView.swift */ = {isa = PBXFileReference; lastKnownFileType = sourcecode.swift; path = UserCollectionView.swift; sourceTree = "<group>"; };
		C942F5392DE7AFD700966062 /* PaymentMethodView.swift */ = {isa = PBXFileReference; lastKnownFileType = sourcecode.swift; path = PaymentMethodView.swift; sourceTree = "<group>"; };
		C942F53B2DE7AFF700966062 /* PaymentDoneView.swift */ = {isa = PBXFileReference; lastKnownFileType = sourcecode.swift; path = PaymentDoneView.swift; sourceTree = "<group>"; };
		C942F5762DEA4FE600966062 /* CartManager.swift */ = {isa = PBXFileReference; lastKnownFileType = sourcecode.swift; path = CartManager.swift; sourceTree = "<group>"; };
		C942F5772DEA4FE600966062 /* SortingManager.swift */ = {isa = PBXFileReference; lastKnownFileType = sourcecode.swift; path = SortingManager.swift; sourceTree = "<group>"; };
		C99679B52DE66C470096BF5A /* KhutorenkoAnnaStatisticsTasks.md */ = {isa = PBXFileReference; lastKnownFileType = net.daringfireball.markdown; path = KhutorenkoAnnaStatisticsTasks.md; sourceTree = "<group>"; };
		C99679B62DE66C470096BF5A /* TrofimovaDecompositionProfile.md */ = {isa = PBXFileReference; lastKnownFileType = net.daringfireball.markdown; path = TrofimovaDecompositionProfile.md; sourceTree = "<group>"; };
		C99679B72DE66C470096BF5A /* YaroslavRubanCartTask.md */ = {isa = PBXFileReference; lastKnownFileType = net.daringfireball.markdown; path = YaroslavRubanCartTask.md; sourceTree = "<group>"; };
		C99679B82DE66C470096BF5A /* ZakharovMaksCatalog.md */ = {isa = PBXFileReference; lastKnownFileType = net.daringfireball.markdown; path = ZakharovMaksCatalog.md; sourceTree = "<group>"; };
		D04790BC2DE393EC000585F0 /* AppTabView.swift */ = {isa = PBXFileReference; lastKnownFileType = sourcecode.swift; path = AppTabView.swift; sourceTree = "<group>"; };
		D04790BE2DE393FE000585F0 /* FakeNFTApp.swift */ = {isa = PBXFileReference; lastKnownFileType = sourcecode.swift; path = FakeNFTApp.swift; sourceTree = "<group>"; };
		D04790C02DE3A59E000585F0 /* CatalogView.swift */ = {isa = PBXFileReference; lastKnownFileType = sourcecode.swift; path = CatalogView.swift; sourceTree = "<group>"; };
		D04790C22DE3A5BE000585F0 /* ProfileView.swift */ = {isa = PBXFileReference; lastKnownFileType = sourcecode.swift; path = ProfileView.swift; sourceTree = "<group>"; };
		D04790C52DE3A628000585F0 /* CartView.swift */ = {isa = PBXFileReference; lastKnownFileType = sourcecode.swift; path = CartView.swift; sourceTree = "<group>"; };
		D04790C82DE3A64A000585F0 /* StatisticsView.swift */ = {isa = PBXFileReference; lastKnownFileType = sourcecode.swift; path = StatisticsView.swift; sourceTree = "<group>"; };
		D0593DD52DE3B30E00619DB0 /* ColorsExtension.swift */ = {isa = PBXFileReference; lastKnownFileType = sourcecode.swift; path = ColorsExtension.swift; sourceTree = "<group>"; };
		D0BA37BD2DE6633500D88DD7 /* UserLikesRequest.swift */ = {isa = PBXFileReference; lastKnownFileType = sourcecode.swift; path = UserLikesRequest.swift; sourceTree = "<group>"; };
		D0BA37BF2DE6636D00D88DD7 /* UpdateUserLikesRequest.swift */ = {isa = PBXFileReference; lastKnownFileType = sourcecode.swift; path = UpdateUserLikesRequest.swift; sourceTree = "<group>"; };
		D0BA37D92DE8F14900D88DD7 /* Profile.swift */ = {isa = PBXFileReference; lastKnownFileType = sourcecode.swift; path = Profile.swift; sourceTree = "<group>"; };
		D0BA37DB2DE8F16300D88DD7 /* ProfileViewModel.swift */ = {isa = PBXFileReference; lastKnownFileType = sourcecode.swift; path = ProfileViewModel.swift; sourceTree = "<group>"; };
		D0BA37DE2DE8F29300D88DD7 /* ProfileEditView.swift */ = {isa = PBXFileReference; lastKnownFileType = sourcecode.swift; path = ProfileEditView.swift; sourceTree = "<group>"; };
		D0BA37E02DE8F2AC00D88DD7 /* EditingProfileViewModel.swift */ = {isa = PBXFileReference; lastKnownFileType = sourcecode.swift; path = EditingProfileViewModel.swift; sourceTree = "<group>"; };
		D0BA37E22DE8F33900D88DD7 /* ProfileListRowView.swift */ = {isa = PBXFileReference; lastKnownFileType = sourcecode.swift; path = ProfileListRowView.swift; sourceTree = "<group>"; };
		D0BA37E52DE8F4D100D88DD7 /* ProfileImageSettingsViewModifier.swift */ = {isa = PBXFileReference; lastKnownFileType = sourcecode.swift; path = ProfileImageSettingsViewModifier.swift; sourceTree = "<group>"; };
		D0BA37E72DE8F53B00D88DD7 /* TextAreaEditViewModifier.swift */ = {isa = PBXFileReference; lastKnownFileType = sourcecode.swift; path = TextAreaEditViewModifier.swift; sourceTree = "<group>"; };
		D0BA37F52DE909AA00D88DD7 /* MyFavoriteNFTCardView.swift */ = {isa = PBXFileReference; lastKnownFileType = sourcecode.swift; path = MyFavoriteNFTCardView.swift; sourceTree = "<group>"; };
		D0BA37F72DE909E900D88DD7 /* MyFavoriteNFTViewModel.swift */ = {isa = PBXFileReference; lastKnownFileType = sourcecode.swift; path = MyFavoriteNFTViewModel.swift; sourceTree = "<group>"; };
		D0BA37F92DE90AD300D88DD7 /* EmptyNFTPlaceholderView.swift */ = {isa = PBXFileReference; lastKnownFileType = sourcecode.swift; path = EmptyNFTPlaceholderView.swift; sourceTree = "<group>"; };
		E1CD40D92A96BE7D00BE7FE8 /* ru */ = {isa = PBXFileReference; lastKnownFileType = text.plist.strings; name = ru; path = ru.lproj/LaunchScreen.strings; sourceTree = "<group>"; };
		E1CD40DB2A96BECC00BE7FE8 /* Localizable.strings */ = {isa = PBXFileReference; lastKnownFileType = text.plist.strings; path = Localizable.strings; sourceTree = "<group>"; };
/* End PBXFileReference section */

/* Begin PBXFileSystemSynchronizedRootGroup section */
		C935A76D2DDD1A4C00C6B7A3 /* Navigation */ = {isa = PBXFileSystemSynchronizedRootGroup; explicitFileTypes = {}; explicitFolders = (); path = Navigation; sourceTree = "<group>"; };
/* End PBXFileSystemSynchronizedRootGroup section */

/* Begin PBXFrameworksBuildPhase section */
		3F68069029CBBAF100B4F915 /* Frameworks */ = {
			isa = PBXFrameworksBuildPhase;
			buildActionMask = 2147483647;
			files = (
			);
			runOnlyForDeploymentPostprocessing = 0;
		};
		3F6806A629CBBAF200B4F915 /* Frameworks */ = {
			isa = PBXFrameworksBuildPhase;
			buildActionMask = 2147483647;
			files = (
			);
			runOnlyForDeploymentPostprocessing = 0;
		};
		3F6806B029CBBAF200B4F915 /* Frameworks */ = {
			isa = PBXFrameworksBuildPhase;
			buildActionMask = 2147483647;
			files = (
			);
			runOnlyForDeploymentPostprocessing = 0;
		};
/* End PBXFrameworksBuildPhase section */

/* Begin PBXGroup section */
		0C79EE642A76DDCF00EE90EA /* NftDetails */ = {
			isa = PBXGroup;
			children = (
				E19CD5A92A98B55900CA39A5 /* Cell */,
				0CFCB7432A7802440009A829 /* NftDetailInput.swift */,
			);
			path = NftDetails;
			sourceTree = "<group>";
		};
		0CF2C2D92A783C1600FDC837 /* Common */ = {
			isa = PBXGroup;
			children = (
				0CF2C2DF2A784C5600FDC837 /* Views */,
			);
			path = Common;
			sourceTree = "<group>";
		};
		0CF2C2DF2A784C5600FDC837 /* Views */ = {
			isa = PBXGroup;
			children = (
				D04790BC2DE393EC000585F0 /* AppTabView.swift */,
				0CF2C2DC2A783CE600FDC837 /* ErrorView.swift */,
			);
			path = Views;
			sourceTree = "<group>";
		};
		0CFCB7472A7808870009A829 /* Catalog */ = {
			isa = PBXGroup;
			children = (
				D04790C02DE3A59E000585F0 /* CatalogView.swift */,
				C942F52F2DE7AE1600966062 /* CollectonDetailView.swift */,
			);
			path = Catalog;
			sourceTree = "<group>";
		};
		0CFCB74C2A7817C30009A829 /* MemoryStorage */ = {
			isa = PBXGroup;
			children = (
				0CFCB74D2A7817DC0009A829 /* NftStorage.swift */,
			);
			path = MemoryStorage;
			sourceTree = "<group>";
		};
		3F478ECD29DB473000F6D39E /* DesignSystem */ = {
			isa = PBXGroup;
			children = (
				D0593DD52DE3B30E00619DB0 /* ColorsExtension.swift */,
			);
			path = DesignSystem;
			sourceTree = "<group>";
		};
		3F68068A29CBBAF100B4F915 = {
			isa = PBXGroup;
			children = (
				3F68069529CBBAF100B4F915 /* FakeNFT */,
				3F6806AC29CBBAF200B4F915 /* FakeNFTTests */,
				3F6806B629CBBAF200B4F915 /* FakeNFTUITests */,
				3F68069429CBBAF100B4F915 /* Products */,
			);
			sourceTree = "<group>";
		};
		3F68069429CBBAF100B4F915 /* Products */ = {
			isa = PBXGroup;
			children = (
				3F68069329CBBAF100B4F915 /* FakeNFT.app */,
				3F6806A929CBBAF200B4F915 /* FakeNFTTests.xctest */,
				3F6806B329CBBAF200B4F915 /* FakeNFTUITests.xctest */,
			);
			name = Products;
			sourceTree = "<group>";
		};
		3F68069529CBBAF100B4F915 /* FakeNFT */ = {
			isa = PBXGroup;
			children = (
				C942F5782DEA4FE600966062 /* Managers */,
				C99679B92DE66C470096BF5A /* Docs */,
				C935A9122DE386A000C6B7A3 /* UIElements */,
				E1CD40DA2A96BE9B00BE7FE8 /* Resources */,
				3F478ECD29DB473000F6D39E /* DesignSystem */,
				3F6806CE29CBBD1B00B4F915 /* Foundation */,
				3F6806C929CBBCAF00B4F915 /* Models */,
				3F6806C729CBBC5B00B4F915 /* Scenes  */,
				3F6806C629CBBC4E00B4F915 /* Services */,
				3F6806A429CBBAF200B4F915 /* Info.plist */,
				D04790BE2DE393FE000585F0 /* FakeNFTApp.swift */,
			);
			path = FakeNFT;
			sourceTree = "<group>";
		};
		3F6806AC29CBBAF200B4F915 /* FakeNFTTests */ = {
			isa = PBXGroup;
			children = (
				3F6806AD29CBBAF200B4F915 /* ExampleUnitTests.swift */,
			);
			path = FakeNFTTests;
			sourceTree = "<group>";
		};
		3F6806B629CBBAF200B4F915 /* FakeNFTUITests */ = {
			isa = PBXGroup;
			children = (
				3F6806B729CBBAF200B4F915 /* FakeNFTUITests.swift */,
			);
			path = FakeNFTUITests;
			sourceTree = "<group>";
		};
		3F6806C629CBBC4E00B4F915 /* Services */ = {
			isa = PBXGroup;
			children = (
				3FC8C38F29D245250081F015 /* Requests */,
				0C79EE6B2A76DE2E00EE90EA /* ServicesAssemly.swift */,
				558E39E62C68CE0900FB86AC /* NftService.swift */,
				0CFCB73F2A78002A0009A829 /* ExamplePutService.swift */,
				C935A76D2DDD1A4C00C6B7A3 /* Navigation */,
			);
			path = Services;
			sourceTree = "<group>";
		};
		3F6806C729CBBC5B00B4F915 /* Scenes  */ = {
			isa = PBXGroup;
			children = (
				0CF2C2D92A783C1600FDC837 /* Common */,
				0CFCB7472A7808870009A829 /* Catalog */,
				0C79EE642A76DDCF00EE90EA /* NftDetails */,
				D04790C42DE3A5C4000585F0 /* Profile */,
				D04790C72DE3A63A000585F0 /* Cart */,
				D04790CA2DE3A65D000585F0 /* Statistics */,
			);
			path = "Scenes ";
			sourceTree = "<group>";
		};
		3F6806C929CBBCAF00B4F915 /* Models */ = {
			isa = PBXGroup;
			children = (
				3F6806D829CC979D00B4F915 /* Network */,
				D0BA37D92DE8F14900D88DD7 /* Profile.swift */,
			);
			path = Models;
			sourceTree = "<group>";
		};
		3F6806CE29CBBD1B00B4F915 /* Foundation */ = {
			isa = PBXGroup;
			children = (
				0CFCB74C2A7817C30009A829 /* MemoryStorage */,
				3F6806CF29CBBDB100B4F915 /* NetworkClient */,
				3FC8C39229D246BA0081F015 /* DateFormatters+Presets.swift */,
			);
			path = Foundation;
			sourceTree = "<group>";
		};
		3F6806CF29CBBDB100B4F915 /* NetworkClient */ = {
			isa = PBXGroup;
			children = (
				3F6806D029CBBE6B00B4F915 /* NetworkClient.swift */,
				3F6806D229CBBE9600B4F915 /* NetworkRequest.swift */,
				3F6806D429CBBEC700B4F915 /* NetworkTask.swift */,
			);
			path = NetworkClient;
			sourceTree = "<group>";
		};
		3F6806D829CC979D00B4F915 /* Network */ = {
			isa = PBXGroup;
			children = (
				0CFCB7412A78013E0009A829 /* Nft.swift */,
			);
			path = Network;
			sourceTree = "<group>";
		};
		3FC8C38F29D245250081F015 /* Requests */ = {
			isa = PBXGroup;
			children = (
				0C79EE622A76DD1900EE90EA /* RequestConstants.swift */,
				3FC8C39029D2453B0081F015 /* ExamplePutRequest.swift */,
				0C79EE602A76DCD600EE90EA /* NftByIdRequest.swift */,
				D0BA37BD2DE6633500D88DD7 /* UserLikesRequest.swift */,
				D0BA37BF2DE6636D00D88DD7 /* UpdateUserLikesRequest.swift */,
			);
			path = Requests;
			sourceTree = "<group>";
		};
		C935A9122DE386A000C6B7A3 /* UIElements */ = {
			isa = PBXGroup;
			children = (
				0A71740F2DE9FAB400C54452 /* NavigationBarStyle.swift */,
				C935A9132DE386BC00C6B7A3 /* ProgressHUD.swift */,
			);
			path = UIElements;
			sourceTree = "<group>";
		};
		C942F56B2DE7B74F00966062 /* CartView */ = {
			isa = PBXGroup;
			children = (
				D04790C52DE3A628000585F0 /* CartView.swift */,
			);
			path = CartView;
			sourceTree = "<group>";
		};
		C942F56C2DE7B76400966062 /* PaymentView */ = {
			isa = PBXGroup;
			children = (
				C942F5392DE7AFD700966062 /* PaymentMethodView.swift */,
			);
			path = PaymentView;
			sourceTree = "<group>";
		};
		C942F56D2DE7B78A00966062 /* PaymentDoneView */ = {
			isa = PBXGroup;
			children = (
				C942F53B2DE7AFF700966062 /* PaymentDoneView.swift */,
			);
			path = PaymentDoneView;
			sourceTree = "<group>";
		};
		C942F5782DEA4FE600966062 /* Managers */ = {
			isa = PBXGroup;
			children = (
				C942F5762DEA4FE600966062 /* CartManager.swift */,
				C942F5772DEA4FE600966062 /* SortingManager.swift */,
			);
			path = Managers;
			sourceTree = "<group>";
		};
		C99679B92DE66C470096BF5A /* Docs */ = {
			isa = PBXGroup;
			children = (
				C99679B52DE66C470096BF5A /* KhutorenkoAnnaStatisticsTasks.md */,
				C99679B62DE66C470096BF5A /* TrofimovaDecompositionProfile.md */,
				C99679B72DE66C470096BF5A /* YaroslavRubanCartTask.md */,
				C99679B82DE66C470096BF5A /* ZakharovMaksCatalog.md */,
			);
			path = Docs;
			sourceTree = "<group>";
		};
		D04790C42DE3A5C4000585F0 /* Profile */ = {
			isa = PBXGroup;
			children = (
				D04790C22DE3A5BE000585F0 /* ProfileView.swift */,
				C942F5312DE7AE7A00966062 /* MyFavoriteNFTView.swift */,
				D0BA37DD2DE8F25900D88DD7 /* ViewModels */,
				D0BA37DE2DE8F29300D88DD7 /* ProfileEditView.swift */,
				D0BA37E42DE8F33F00D88DD7 /* Helpers */,
				D0BA37F52DE909AA00D88DD7 /* MyFavoriteNFTCardView.swift */,
				D0BA37F92DE90AD300D88DD7 /* EmptyNFTPlaceholderView.swift */,
			);
			path = Profile;
			sourceTree = "<group>";
		};
		D04790C72DE3A63A000585F0 /* Cart */ = {
			isa = PBXGroup;
			children = (
				C942F56D2DE7B78A00966062 /* PaymentDoneView */,
				C942F56C2DE7B76400966062 /* PaymentView */,
				C942F56B2DE7B74F00966062 /* CartView */,
			);
			path = Cart;
			sourceTree = "<group>";
		};
		D04790CA2DE3A65D000585F0 /* Statistics */ = {
			isa = PBXGroup;
			children = (
				D04790C82DE3A64A000585F0 /* StatisticsView.swift */,
				C942F5352DE7AF6800966062 /* UserCardView.swift */,
				C942F5372DE7AF8800966062 /* UserCollectionView.swift */,
			);
			path = Statistics;
			sourceTree = "<group>";
		};
		D0BA37DD2DE8F25900D88DD7 /* ViewModels */ = {
			isa = PBXGroup;
			children = (
				D0BA37DB2DE8F16300D88DD7 /* ProfileViewModel.swift */,
				D0BA37E02DE8F2AC00D88DD7 /* EditingProfileViewModel.swift */,
				D0BA37F72DE909E900D88DD7 /* MyFavoriteNFTViewModel.swift */,
			);
			path = ViewModels;
			sourceTree = "<group>";
		};
		D0BA37E42DE8F33F00D88DD7 /* Helpers */ = {
			isa = PBXGroup;
			children = (
				D0BA37E52DE8F4D100D88DD7 /* ProfileImageSettingsViewModifier.swift */,
				D0BA37E22DE8F33900D88DD7 /* ProfileListRowView.swift */,
				D0BA37E72DE8F53B00D88DD7 /* TextAreaEditViewModifier.swift */,
			);
			path = Helpers;
			sourceTree = "<group>";
		};
		E19CD5A92A98B55900CA39A5 /* Cell */ = {
			isa = PBXGroup;
			children = (
				0CFCB7452A78064B0009A829 /* NftDetailCellModel.swift */,
			);
			path = Cell;
			sourceTree = "<group>";
		};
		E1CD40DA2A96BE9B00BE7FE8 /* Resources */ = {
			isa = PBXGroup;
			children = (
				3F68069F29CBBAF200B4F915 /* Assets.xcassets */,
				3F6806A129CBBAF200B4F915 /* LaunchScreen.storyboard */,
				E1CD40DB2A96BECC00BE7FE8 /* Localizable.strings */,
			);
			path = Resources;
			sourceTree = "<group>";
		};
/* End PBXGroup section */

/* Begin PBXNativeTarget section */
		3F68069229CBBAF100B4F915 /* FakeNFT */ = {
			isa = PBXNativeTarget;
			buildConfigurationList = 3F6806BD29CBBAF200B4F915 /* Build configuration list for PBXNativeTarget "FakeNFT" */;
			buildPhases = (
				3F68068F29CBBAF100B4F915 /* Sources */,
				D0478B0B2DDE0ABA000585F0 /* SwiftLint */,
				3F68069029CBBAF100B4F915 /* Frameworks */,
				3F68069129CBBAF100B4F915 /* Resources */,
			);
			buildRules = (
			);
			dependencies = (
			);
			fileSystemSynchronizedGroups = (
				C935A76D2DDD1A4C00C6B7A3 /* Navigation */,
			);
			name = FakeNFT;
			packageProductDependencies = (
			);
			productName = FakeNFT;
			productReference = 3F68069329CBBAF100B4F915 /* FakeNFT.app */;
			productType = "com.apple.product-type.application";
		};
		3F6806A829CBBAF200B4F915 /* FakeNFTTests */ = {
			isa = PBXNativeTarget;
			buildConfigurationList = 3F6806C029CBBAF200B4F915 /* Build configuration list for PBXNativeTarget "FakeNFTTests" */;
			buildPhases = (
				3F6806A529CBBAF200B4F915 /* Sources */,
				3F6806A629CBBAF200B4F915 /* Frameworks */,
				3F6806A729CBBAF200B4F915 /* Resources */,
			);
			buildRules = (
			);
			dependencies = (
				3F6806AB29CBBAF200B4F915 /* PBXTargetDependency */,
			);
			name = FakeNFTTests;
			productName = FakeNFTTests;
			productReference = 3F6806A929CBBAF200B4F915 /* FakeNFTTests.xctest */;
			productType = "com.apple.product-type.bundle.unit-test";
		};
		3F6806B229CBBAF200B4F915 /* FakeNFTUITests */ = {
			isa = PBXNativeTarget;
			buildConfigurationList = 3F6806C329CBBAF200B4F915 /* Build configuration list for PBXNativeTarget "FakeNFTUITests" */;
			buildPhases = (
				3F6806AF29CBBAF200B4F915 /* Sources */,
				3F6806B029CBBAF200B4F915 /* Frameworks */,
				3F6806B129CBBAF200B4F915 /* Resources */,
			);
			buildRules = (
			);
			dependencies = (
				3F6806B529CBBAF200B4F915 /* PBXTargetDependency */,
			);
			name = FakeNFTUITests;
			productName = FakeNFTUITests;
			productReference = 3F6806B329CBBAF200B4F915 /* FakeNFTUITests.xctest */;
			productType = "com.apple.product-type.bundle.ui-testing";
		};
/* End PBXNativeTarget section */

/* Begin PBXProject section */
		3F68068B29CBBAF100B4F915 /* Project object */ = {
			isa = PBXProject;
			attributes = {
				BuildIndependentTargetsInParallel = 1;
				LastSwiftUpdateCheck = 1420;
				LastUpgradeCheck = 1620;
				TargetAttributes = {
					3F68069229CBBAF100B4F915 = {
						CreatedOnToolsVersion = 14.2;
					};
					3F6806A829CBBAF200B4F915 = {
						CreatedOnToolsVersion = 14.2;
						TestTargetID = 3F68069229CBBAF100B4F915;
					};
					3F6806B229CBBAF200B4F915 = {
						CreatedOnToolsVersion = 14.2;
						TestTargetID = 3F68069229CBBAF100B4F915;
					};
				};
			};
			buildConfigurationList = 3F68068E29CBBAF100B4F915 /* Build configuration list for PBXProject "FakeNFT" */;
			compatibilityVersion = "Xcode 14.0";
			developmentRegion = ru;
			hasScannedForEncodings = 0;
			knownRegions = (
				en,
				Base,
				ru,
			);
			mainGroup = 3F68068A29CBBAF100B4F915;
			packageReferences = (
			);
			productRefGroup = 3F68069429CBBAF100B4F915 /* Products */;
			projectDirPath = "";
			projectRoot = "";
			targets = (
				3F68069229CBBAF100B4F915 /* FakeNFT */,
				3F6806A829CBBAF200B4F915 /* FakeNFTTests */,
				3F6806B229CBBAF200B4F915 /* FakeNFTUITests */,
			);
		};
/* End PBXProject section */

/* Begin PBXResourcesBuildPhase section */
		3F68069129CBBAF100B4F915 /* Resources */ = {
			isa = PBXResourcesBuildPhase;
			buildActionMask = 2147483647;
			files = (
				C99679BA2DE66C470096BF5A /* TrofimovaDecompositionProfile.md in Resources */,
				C99679BB2DE66C470096BF5A /* ZakharovMaksCatalog.md in Resources */,
				C99679BC2DE66C470096BF5A /* KhutorenkoAnnaStatisticsTasks.md in Resources */,
				C99679BD2DE66C470096BF5A /* YaroslavRubanCartTask.md in Resources */,
				3F6806A329CBBAF200B4F915 /* LaunchScreen.storyboard in Resources */,
				E1CD40DC2A96BECC00BE7FE8 /* Localizable.strings in Resources */,
				3F6806A029CBBAF200B4F915 /* Assets.xcassets in Resources */,
			);
			runOnlyForDeploymentPostprocessing = 0;
		};
		3F6806A729CBBAF200B4F915 /* Resources */ = {
			isa = PBXResourcesBuildPhase;
			buildActionMask = 2147483647;
			files = (
			);
			runOnlyForDeploymentPostprocessing = 0;
		};
		3F6806B129CBBAF200B4F915 /* Resources */ = {
			isa = PBXResourcesBuildPhase;
			buildActionMask = 2147483647;
			files = (
			);
			runOnlyForDeploymentPostprocessing = 0;
		};
/* End PBXResourcesBuildPhase section */

/* Begin PBXShellScriptBuildPhase section */
		D0478B0B2DDE0ABA000585F0 /* SwiftLint */ = {
			isa = PBXShellScriptBuildPhase;
			alwaysOutOfDate = 1;
			buildActionMask = 2147483647;
			files = (
			);
			inputFileListPaths = (
			);
			inputPaths = (
			);
			name = SwiftLint;
			outputFileListPaths = (
			);
			outputPaths = (
			);
			runOnlyForDeploymentPostprocessing = 0;
			shellPath = /bin/sh;
			shellScript = "if [[ -z \"$CI\" ]]; then\n    if [[ \"$(uname -m)\" == arm64 ]]; then\n        export PATH=\"/opt/homebrew/bin:$PATH\"\n    fi\n\n    # Check if running in a SwiftUI preview\n    if [ \"$XCODE_RUNNING_FOR_PREVIEWS\" != \"1\" ]; then\n        if which swiftlint > /dev/null; then\n            swiftlint # Uncomment if you want to auto-fix: swiftlint --fix &&\n        else\n            echo \"warning: SwiftLint not installed, download from https://github.com/realm/SwiftLint\"\n        fi\n    fi\nelse \n    # Running Xcode Cloud\n    echo \"Running in Xcode Cloud. Skipping SwiftLint.\"\nfi\n";
			showEnvVarsInLog = 0;
		};
/* End PBXShellScriptBuildPhase section */

/* Begin PBXSourcesBuildPhase section */
		3F68068F29CBBAF100B4F915 /* Sources */ = {
			isa = PBXSourcesBuildPhase;
			buildActionMask = 2147483647;
			files = (
				C935A9142DE386BC00C6B7A3 /* ProgressHUD.swift in Sources */,
				C942F53C2DE7AFF700966062 /* PaymentDoneView.swift in Sources */,
				D04790C12DE3A59E000585F0 /* CatalogView.swift in Sources */,
				D0BA37E12DE8F2AC00D88DD7 /* EditingProfileViewModel.swift in Sources */,
				C942F5792DEA4FE600966062 /* SortingManager.swift in Sources */,
				C942F57A2DEA4FE600966062 /* CartManager.swift in Sources */,
				3FC8C39329D246BA0081F015 /* DateFormatters+Presets.swift in Sources */,
				D0BA37F62DE909AA00D88DD7 /* MyFavoriteNFTCardView.swift in Sources */,
				D04790BD2DE393EC000585F0 /* AppTabView.swift in Sources */,
				C942F5382DE7AF8800966062 /* UserCollectionView.swift in Sources */,
				D0593DD62DE3B30E00619DB0 /* ColorsExtension.swift in Sources */,
				0CFCB7422A78013E0009A829 /* Nft.swift in Sources */,
				D04790C62DE3A628000585F0 /* CartView.swift in Sources */,
				C942F5362DE7AF6800966062 /* UserCardView.swift in Sources */,
				D0BA37DF2DE8F29300D88DD7 /* ProfileEditView.swift in Sources */,
				D0BA37BE2DE6633500D88DD7 /* UserLikesRequest.swift in Sources */,
				C942F53A2DE7AFD700966062 /* PaymentMethodView.swift in Sources */,
				0CF2C2DD2A783CE600FDC837 /* ErrorView.swift in Sources */,
				0CFCB7402A78002A0009A829 /* ExamplePutService.swift in Sources */,
				3F6806D529CBBEC700B4F915 /* NetworkTask.swift in Sources */,
				558E39E72C68CE0A00FB86AC /* NftService.swift in Sources */,
				D04790BF2DE393FE000585F0 /* FakeNFTApp.swift in Sources */,
				D0BA37DA2DE8F14900D88DD7 /* Profile.swift in Sources */,
				D04790C92DE3A64A000585F0 /* StatisticsView.swift in Sources */,
				0C79EE6C2A76DE2E00EE90EA /* ServicesAssemly.swift in Sources */,
				C942F5302DE7AE1600966062 /* CollectonDetailView.swift in Sources */,
				0CFCB74E2A7817DC0009A829 /* NftStorage.swift in Sources */,
				3FC8C39129D2453B0081F015 /* ExamplePutRequest.swift in Sources */,
				D0BA37E32DE8F33900D88DD7 /* ProfileListRowView.swift in Sources */,
				0CFCB7462A78064B0009A829 /* NftDetailCellModel.swift in Sources */,
				D0BA37E62DE8F4D100D88DD7 /* ProfileImageSettingsViewModifier.swift in Sources */,
				0C79EE612A76DCD600EE90EA /* NftByIdRequest.swift in Sources */,
				D0BA37E82DE8F53B00D88DD7 /* TextAreaEditViewModifier.swift in Sources */,
				3F6806D329CBBE9600B4F915 /* NetworkRequest.swift in Sources */,
				3F6806D129CBBE6B00B4F915 /* NetworkClient.swift in Sources */,
				D0BA37FA2DE90AD300D88DD7 /* EmptyNFTPlaceholderView.swift in Sources */,
				0A7174102DE9FAB600C54452 /* NavigationBarStyle.swift in Sources */,
				0CFCB7442A7802440009A829 /* NftDetailInput.swift in Sources */,
				D04790C32DE3A5BE000585F0 /* ProfileView.swift in Sources */,
				D0BA37F82DE909E900D88DD7 /* MyFavoriteNFTViewModel.swift in Sources */,
				C942F5322DE7AE7A00966062 /* MyFavoriteNFTView.swift in Sources */,
				D0BA37C02DE6636D00D88DD7 /* UpdateUserLikesRequest.swift in Sources */,
				0C79EE632A76DD1900EE90EA /* RequestConstants.swift in Sources */,
				D0BA37DC2DE8F16300D88DD7 /* ProfileViewModel.swift in Sources */,
			);
			runOnlyForDeploymentPostprocessing = 0;
		};
		3F6806A529CBBAF200B4F915 /* Sources */ = {
			isa = PBXSourcesBuildPhase;
			buildActionMask = 2147483647;
			files = (
				3F6806AE29CBBAF200B4F915 /* ExampleUnitTests.swift in Sources */,
			);
			runOnlyForDeploymentPostprocessing = 0;
		};
		3F6806AF29CBBAF200B4F915 /* Sources */ = {
			isa = PBXSourcesBuildPhase;
			buildActionMask = 2147483647;
			files = (
				3F6806B829CBBAF200B4F915 /* FakeNFTUITests.swift in Sources */,
			);
			runOnlyForDeploymentPostprocessing = 0;
		};
/* End PBXSourcesBuildPhase section */

/* Begin PBXTargetDependency section */
		3F6806AB29CBBAF200B4F915 /* PBXTargetDependency */ = {
			isa = PBXTargetDependency;
			target = 3F68069229CBBAF100B4F915 /* FakeNFT */;
			targetProxy = 3F6806AA29CBBAF200B4F915 /* PBXContainerItemProxy */;
		};
		3F6806B529CBBAF200B4F915 /* PBXTargetDependency */ = {
			isa = PBXTargetDependency;
			target = 3F68069229CBBAF100B4F915 /* FakeNFT */;
			targetProxy = 3F6806B429CBBAF200B4F915 /* PBXContainerItemProxy */;
		};
/* End PBXTargetDependency section */

/* Begin PBXVariantGroup section */
		3F6806A129CBBAF200B4F915 /* LaunchScreen.storyboard */ = {
			isa = PBXVariantGroup;
			children = (
				3F6806A229CBBAF200B4F915 /* Base */,
				E1CD40D92A96BE7D00BE7FE8 /* ru */,
			);
			name = LaunchScreen.storyboard;
			sourceTree = "<group>";
		};
/* End PBXVariantGroup section */

/* Begin XCBuildConfiguration section */
		3F6806BB29CBBAF200B4F915 /* Debug */ = {
			isa = XCBuildConfiguration;
			buildSettings = {
				ALWAYS_SEARCH_USER_PATHS = NO;
				CLANG_ANALYZER_LOCALIZABILITY_NONLOCALIZED = YES;
				CLANG_ANALYZER_NONNULL = YES;
				CLANG_ANALYZER_NUMBER_OBJECT_CONVERSION = YES_AGGRESSIVE;
				CLANG_CXX_LANGUAGE_STANDARD = "gnu++20";
				CLANG_ENABLE_MODULES = YES;
				CLANG_ENABLE_OBJC_ARC = YES;
				CLANG_ENABLE_OBJC_WEAK = YES;
				CLANG_WARN_BLOCK_CAPTURE_AUTORELEASING = YES;
				CLANG_WARN_BOOL_CONVERSION = YES;
				CLANG_WARN_COMMA = YES;
				CLANG_WARN_CONSTANT_CONVERSION = YES;
				CLANG_WARN_DEPRECATED_OBJC_IMPLEMENTATIONS = YES;
				CLANG_WARN_DIRECT_OBJC_ISA_USAGE = YES_ERROR;
				CLANG_WARN_DOCUMENTATION_COMMENTS = YES;
				CLANG_WARN_EMPTY_BODY = YES;
				CLANG_WARN_ENUM_CONVERSION = YES;
				CLANG_WARN_INFINITE_RECURSION = YES;
				CLANG_WARN_INT_CONVERSION = YES;
				CLANG_WARN_NON_LITERAL_NULL_CONVERSION = YES;
				CLANG_WARN_OBJC_IMPLICIT_RETAIN_SELF = YES;
				CLANG_WARN_OBJC_LITERAL_CONVERSION = YES;
				CLANG_WARN_OBJC_ROOT_CLASS = YES_ERROR;
				CLANG_WARN_QUOTED_INCLUDE_IN_FRAMEWORK_HEADER = YES;
				CLANG_WARN_RANGE_LOOP_ANALYSIS = YES;
				CLANG_WARN_STRICT_PROTOTYPES = YES;
				CLANG_WARN_SUSPICIOUS_MOVE = YES;
				CLANG_WARN_UNGUARDED_AVAILABILITY = YES_AGGRESSIVE;
				CLANG_WARN_UNREACHABLE_CODE = YES;
				CLANG_WARN__DUPLICATE_METHOD_MATCH = YES;
				COPY_PHASE_STRIP = NO;
				DEBUG_INFORMATION_FORMAT = dwarf;
				ENABLE_STRICT_OBJC_MSGSEND = YES;
				ENABLE_TESTABILITY = YES;
				GCC_C_LANGUAGE_STANDARD = gnu11;
				GCC_DYNAMIC_NO_PIC = NO;
				GCC_NO_COMMON_BLOCKS = YES;
				GCC_OPTIMIZATION_LEVEL = 0;
				GCC_PREPROCESSOR_DEFINITIONS = (
					"DEBUG=1",
					"$(inherited)",
				);
				GCC_WARN_64_TO_32_BIT_CONVERSION = YES;
				GCC_WARN_ABOUT_RETURN_TYPE = YES_ERROR;
				GCC_WARN_UNDECLARED_SELECTOR = YES;
				GCC_WARN_UNINITIALIZED_AUTOS = YES_AGGRESSIVE;
				GCC_WARN_UNUSED_FUNCTION = YES;
				GCC_WARN_UNUSED_VARIABLE = YES;
				IPHONEOS_DEPLOYMENT_TARGET = 16.6;
				MTL_ENABLE_DEBUG_INFO = INCLUDE_SOURCE;
				MTL_FAST_MATH = YES;
				ONLY_ACTIVE_ARCH = YES;
				SDKROOT = iphoneos;
				SWIFT_ACTIVE_COMPILATION_CONDITIONS = DEBUG;
				SWIFT_OPTIMIZATION_LEVEL = "-Onone";
			};
			name = Debug;
		};
		3F6806BC29CBBAF200B4F915 /* Release */ = {
			isa = XCBuildConfiguration;
			buildSettings = {
				ALWAYS_SEARCH_USER_PATHS = NO;
				CLANG_ANALYZER_LOCALIZABILITY_NONLOCALIZED = YES;
				CLANG_ANALYZER_NONNULL = YES;
				CLANG_ANALYZER_NUMBER_OBJECT_CONVERSION = YES_AGGRESSIVE;
				CLANG_CXX_LANGUAGE_STANDARD = "gnu++20";
				CLANG_ENABLE_MODULES = YES;
				CLANG_ENABLE_OBJC_ARC = YES;
				CLANG_ENABLE_OBJC_WEAK = YES;
				CLANG_WARN_BLOCK_CAPTURE_AUTORELEASING = YES;
				CLANG_WARN_BOOL_CONVERSION = YES;
				CLANG_WARN_COMMA = YES;
				CLANG_WARN_CONSTANT_CONVERSION = YES;
				CLANG_WARN_DEPRECATED_OBJC_IMPLEMENTATIONS = YES;
				CLANG_WARN_DIRECT_OBJC_ISA_USAGE = YES_ERROR;
				CLANG_WARN_DOCUMENTATION_COMMENTS = YES;
				CLANG_WARN_EMPTY_BODY = YES;
				CLANG_WARN_ENUM_CONVERSION = YES;
				CLANG_WARN_INFINITE_RECURSION = YES;
				CLANG_WARN_INT_CONVERSION = YES;
				CLANG_WARN_NON_LITERAL_NULL_CONVERSION = YES;
				CLANG_WARN_OBJC_IMPLICIT_RETAIN_SELF = YES;
				CLANG_WARN_OBJC_LITERAL_CONVERSION = YES;
				CLANG_WARN_OBJC_ROOT_CLASS = YES_ERROR;
				CLANG_WARN_QUOTED_INCLUDE_IN_FRAMEWORK_HEADER = YES;
				CLANG_WARN_RANGE_LOOP_ANALYSIS = YES;
				CLANG_WARN_STRICT_PROTOTYPES = YES;
				CLANG_WARN_SUSPICIOUS_MOVE = YES;
				CLANG_WARN_UNGUARDED_AVAILABILITY = YES_AGGRESSIVE;
				CLANG_WARN_UNREACHABLE_CODE = YES;
				CLANG_WARN__DUPLICATE_METHOD_MATCH = YES;
				COPY_PHASE_STRIP = NO;
				DEBUG_INFORMATION_FORMAT = "dwarf-with-dsym";
				ENABLE_NS_ASSERTIONS = NO;
				ENABLE_STRICT_OBJC_MSGSEND = YES;
				GCC_C_LANGUAGE_STANDARD = gnu11;
				GCC_NO_COMMON_BLOCKS = YES;
				GCC_WARN_64_TO_32_BIT_CONVERSION = YES;
				GCC_WARN_ABOUT_RETURN_TYPE = YES_ERROR;
				GCC_WARN_UNDECLARED_SELECTOR = YES;
				GCC_WARN_UNINITIALIZED_AUTOS = YES_AGGRESSIVE;
				GCC_WARN_UNUSED_FUNCTION = YES;
				GCC_WARN_UNUSED_VARIABLE = YES;
				IPHONEOS_DEPLOYMENT_TARGET = 16.6;
				MTL_ENABLE_DEBUG_INFO = NO;
				MTL_FAST_MATH = YES;
				SDKROOT = iphoneos;
				SWIFT_COMPILATION_MODE = wholemodule;
				SWIFT_OPTIMIZATION_LEVEL = "-O";
				VALIDATE_PRODUCT = YES;
			};
			name = Release;
		};
		3F6806BE29CBBAF200B4F915 /* Debug */ = {
			isa = XCBuildConfiguration;
			buildSettings = {
				ASSETCATALOG_COMPILER_APPICON_NAME = AppIcon;
				ASSETCATALOG_COMPILER_GLOBAL_ACCENT_COLOR_NAME = AccentColor;
				CODE_SIGN_STYLE = Automatic;
				CURRENT_PROJECT_VERSION = 1;
				DEVELOPMENT_TEAM = YAPCH4JMG7;
				GENERATE_INFOPLIST_FILE = YES;
				INFOPLIST_FILE = FakeNFT/Info.plist;
				INFOPLIST_KEY_LSApplicationCategoryType = "";
				INFOPLIST_KEY_UIApplicationSupportsIndirectInputEvents = YES;
				INFOPLIST_KEY_UILaunchStoryboardName = LaunchScreen.storyboard;
				INFOPLIST_KEY_UISupportedInterfaceOrientations_iPad = "UIInterfaceOrientationPortrait UIInterfaceOrientationPortraitUpsideDown UIInterfaceOrientationLandscapeLeft UIInterfaceOrientationLandscapeRight";
				INFOPLIST_KEY_UISupportedInterfaceOrientations_iPhone = "UIInterfaceOrientationPortrait UIInterfaceOrientationLandscapeLeft UIInterfaceOrientationLandscapeRight";
				IPHONEOS_DEPLOYMENT_TARGET = 16.0;
				LD_RUNPATH_SEARCH_PATHS = (
					"$(inherited)",
					"@executable_path/Frameworks",
				);
				MARKETING_VERSION = 1.0;
				PRODUCT_BUNDLE_IDENTIFIER = com.practicum.FakeNFT;
				PRODUCT_NAME = "$(TARGET_NAME)";
				SWIFT_EMIT_LOC_STRINGS = YES;
				SWIFT_VERSION = 5.0;
				TARGETED_DEVICE_FAMILY = "1,2";
			};
			name = Debug;
		};
		3F6806BF29CBBAF200B4F915 /* Release */ = {
			isa = XCBuildConfiguration;
			buildSettings = {
				ASSETCATALOG_COMPILER_APPICON_NAME = AppIcon;
				ASSETCATALOG_COMPILER_GLOBAL_ACCENT_COLOR_NAME = AccentColor;
				CODE_SIGN_STYLE = Automatic;
				CURRENT_PROJECT_VERSION = 1;
				DEVELOPMENT_TEAM = YAPCH4JMG7;
				GENERATE_INFOPLIST_FILE = YES;
				INFOPLIST_FILE = FakeNFT/Info.plist;
				INFOPLIST_KEY_LSApplicationCategoryType = "";
				INFOPLIST_KEY_UIApplicationSupportsIndirectInputEvents = YES;
				INFOPLIST_KEY_UILaunchStoryboardName = LaunchScreen.storyboard;
				INFOPLIST_KEY_UISupportedInterfaceOrientations_iPad = "UIInterfaceOrientationPortrait UIInterfaceOrientationPortraitUpsideDown UIInterfaceOrientationLandscapeLeft UIInterfaceOrientationLandscapeRight";
				INFOPLIST_KEY_UISupportedInterfaceOrientations_iPhone = "UIInterfaceOrientationPortrait UIInterfaceOrientationLandscapeLeft UIInterfaceOrientationLandscapeRight";
				IPHONEOS_DEPLOYMENT_TARGET = 16.0;
				LD_RUNPATH_SEARCH_PATHS = (
					"$(inherited)",
					"@executable_path/Frameworks",
				);
				MARKETING_VERSION = 1.0;
				PRODUCT_BUNDLE_IDENTIFIER = com.practicum.FakeNFT;
				PRODUCT_NAME = "$(TARGET_NAME)";
				SWIFT_EMIT_LOC_STRINGS = YES;
				SWIFT_VERSION = 5.0;
				TARGETED_DEVICE_FAMILY = "1,2";
			};
			name = Release;
		};
		3F6806C129CBBAF200B4F915 /* Debug */ = {
			isa = XCBuildConfiguration;
			buildSettings = {
				ALWAYS_EMBED_SWIFT_STANDARD_LIBRARIES = YES;
				BUNDLE_LOADER = "$(TEST_HOST)";
				CODE_SIGN_STYLE = Automatic;
				CURRENT_PROJECT_VERSION = 1;
				GENERATE_INFOPLIST_FILE = YES;
				IPHONEOS_DEPLOYMENT_TARGET = 16.2;
				MARKETING_VERSION = 1.0;
				PRODUCT_BUNDLE_IDENTIFIER = com.practicum.FakeNFTTests;
				PRODUCT_NAME = "$(TARGET_NAME)";
				SWIFT_EMIT_LOC_STRINGS = NO;
				SWIFT_VERSION = 5.0;
				TARGETED_DEVICE_FAMILY = "1,2";
				TEST_HOST = "$(BUILT_PRODUCTS_DIR)/FakeNFT.app/$(BUNDLE_EXECUTABLE_FOLDER_PATH)/FakeNFT";
			};
			name = Debug;
		};
		3F6806C229CBBAF200B4F915 /* Release */ = {
			isa = XCBuildConfiguration;
			buildSettings = {
				ALWAYS_EMBED_SWIFT_STANDARD_LIBRARIES = YES;
				BUNDLE_LOADER = "$(TEST_HOST)";
				CODE_SIGN_STYLE = Automatic;
				CURRENT_PROJECT_VERSION = 1;
				GENERATE_INFOPLIST_FILE = YES;
				IPHONEOS_DEPLOYMENT_TARGET = 16.2;
				MARKETING_VERSION = 1.0;
				PRODUCT_BUNDLE_IDENTIFIER = com.practicum.FakeNFTTests;
				PRODUCT_NAME = "$(TARGET_NAME)";
				SWIFT_EMIT_LOC_STRINGS = NO;
				SWIFT_VERSION = 5.0;
				TARGETED_DEVICE_FAMILY = "1,2";
				TEST_HOST = "$(BUILT_PRODUCTS_DIR)/FakeNFT.app/$(BUNDLE_EXECUTABLE_FOLDER_PATH)/FakeNFT";
			};
			name = Release;
		};
		3F6806C429CBBAF200B4F915 /* Debug */ = {
			isa = XCBuildConfiguration;
			buildSettings = {
				ALWAYS_EMBED_SWIFT_STANDARD_LIBRARIES = YES;
				CODE_SIGN_STYLE = Automatic;
				CURRENT_PROJECT_VERSION = 1;
				GENERATE_INFOPLIST_FILE = YES;
				MARKETING_VERSION = 1.0;
				PRODUCT_BUNDLE_IDENTIFIER = com.practicum.FakeNFTUITests;
				PRODUCT_NAME = "$(TARGET_NAME)";
				SWIFT_EMIT_LOC_STRINGS = NO;
				SWIFT_VERSION = 5.0;
				TARGETED_DEVICE_FAMILY = "1,2";
				TEST_TARGET_NAME = FakeNFT;
			};
			name = Debug;
		};
		3F6806C529CBBAF200B4F915 /* Release */ = {
			isa = XCBuildConfiguration;
			buildSettings = {
				ALWAYS_EMBED_SWIFT_STANDARD_LIBRARIES = YES;
				CODE_SIGN_STYLE = Automatic;
				CURRENT_PROJECT_VERSION = 1;
				GENERATE_INFOPLIST_FILE = YES;
				MARKETING_VERSION = 1.0;
				PRODUCT_BUNDLE_IDENTIFIER = com.practicum.FakeNFTUITests;
				PRODUCT_NAME = "$(TARGET_NAME)";
				SWIFT_EMIT_LOC_STRINGS = NO;
				SWIFT_VERSION = 5.0;
				TARGETED_DEVICE_FAMILY = "1,2";
				TEST_TARGET_NAME = FakeNFT;
			};
			name = Release;
		};
/* End XCBuildConfiguration section */

/* Begin XCConfigurationList section */
		3F68068E29CBBAF100B4F915 /* Build configuration list for PBXProject "FakeNFT" */ = {
			isa = XCConfigurationList;
			buildConfigurations = (
				3F6806BB29CBBAF200B4F915 /* Debug */,
				3F6806BC29CBBAF200B4F915 /* Release */,
			);
			defaultConfigurationIsVisible = 0;
			defaultConfigurationName = Release;
		};
		3F6806BD29CBBAF200B4F915 /* Build configuration list for PBXNativeTarget "FakeNFT" */ = {
			isa = XCConfigurationList;
			buildConfigurations = (
				3F6806BE29CBBAF200B4F915 /* Debug */,
				3F6806BF29CBBAF200B4F915 /* Release */,
			);
			defaultConfigurationIsVisible = 0;
			defaultConfigurationName = Release;
		};
		3F6806C029CBBAF200B4F915 /* Build configuration list for PBXNativeTarget "FakeNFTTests" */ = {
			isa = XCConfigurationList;
			buildConfigurations = (
				3F6806C129CBBAF200B4F915 /* Debug */,
				3F6806C229CBBAF200B4F915 /* Release */,
			);
			defaultConfigurationIsVisible = 0;
			defaultConfigurationName = Release;
		};
		3F6806C329CBBAF200B4F915 /* Build configuration list for PBXNativeTarget "FakeNFTUITests" */ = {
			isa = XCConfigurationList;
			buildConfigurations = (
				3F6806C429CBBAF200B4F915 /* Debug */,
				3F6806C529CBBAF200B4F915 /* Release */,
			);
			defaultConfigurationIsVisible = 0;
			defaultConfigurationName = Release;
		};
/* End XCConfigurationList section */
	};
	rootObject = 3F68068B29CBBAF100B4F915 /* Project object */;
}
